<?xml version="1.0" encoding="utf-8"?>
<Project ToolsVersion="4.0" xmlns="http://schemas.microsoft.com/developer/msbuild/2003">
  <ItemGroup>
    <Filter Include="Source Files">
      <UniqueIdentifier>{4FC737F1-C7A5-4376-A066-2A32D752A2FF}</UniqueIdentifier>
      <Extensions>cpp;c;cc;cxx;c++;cppm;ixx;def;odl;idl;hpj;bat;asm;asmx</Extensions>
    </Filter>
    <Filter Include="Header Files">
      <UniqueIdentifier>{93995380-89BD-4b04-88EB-625FBE52EBFB}</UniqueIdentifier>
      <Extensions>h;hh;hpp;hxx;h++;hm;inl;inc;ipp;xsd</Extensions>
    </Filter>
    <Filter Include="Resource Files">
      <UniqueIdentifier>{67DA6AB6-F800-4c08-8B7A-83BB121AAD01}</UniqueIdentifier>
      <Extensions>rc;ico;cur;bmp;dlg;rc2;rct;bin;rgs;gif;jpg;jpeg;jpe;resx;tiff;tif;png;wav;mfcribbon-ms</Extensions>
    </Filter>
    <Filter Include="External files">
      <UniqueIdentifier>{d1c41871-3b37-41c5-a375-9c699781fc0a}</UniqueIdentifier>
    </Filter>
  </ItemGroup>
  <ItemGroup>
    <ClCompile Include="src\rendering\data_management\image_classes.cpp">
      <Filter>Source Files</Filter>
    </ClCompile>
    <ClCompile Include="src\window\window.cpp">
      <Filter>Source Files</Filter>
    </ClCompile>
    <ClCompile Include="src\rendering\vulkan_object_handling\vulkan_object_handler.cpp">
      <Filter>Source Files</Filter>
    </ClCompile>
    <ClCompile Include="src\main\main.cpp">
      <Filter>Source Files</Filter>
    </ClCompile>
    <ClCompile Include="src\rendering\data_abstraction\runit.cpp">
      <Filter>Source Files</Filter>
    </ClCompile>
    <ClCompile Include="src\rendering\data_abstraction\mesh.cpp">
      <Filter>Source Files</Filter>
    </ClCompile>
    <ClCompile Include="src\rendering\data_management\memory_manager.cpp">
      <Filter>Source Files</Filter>
    </ClCompile>
    <ClCompile Include="src\rendering\data_management\buffer_class.cpp">
      <Filter>Source Files</Filter>
    </ClCompile>
    <ClCompile Include="src\rendering\renderer\command_management.cpp">
      <Filter>Source Files</Filter>
    </ClCompile>
    <ClCompile Include="src\rendering\renderer\descriptor_management.cpp">
      <Filter>Source Files</Filter>
    </ClCompile>
    <ClCompile Include="src\rendering\renderer\pipeline_management.cpp">
      <Filter>Source Files</Filter>
    </ClCompile>
    <ClCompile Include="src\rendering\renderer\sync_operations.cpp">
      <Filter>Source Files</Filter>
    </ClCompile>
    <ClCompile Include="src\rendering\renderer\clusterer.cpp">
      <Filter>Source Files</Filter>
    </ClCompile>
    <ClCompile Include="src\rendering\renderer\HBAO.cpp">
      <Filter>Source Files</Filter>
    </ClCompile>
    <ClCompile Include="dependencies\lib\imgui_impl_vulkan.cpp">
      <Filter>Source Files</Filter>
    </ClCompile>
    <ClCompile Include="src\rendering\renderer\depth_buffer.h">
      <Filter>Source Files</Filter>
    </ClCompile>
  </ItemGroup>
  <ItemGroup>
    <ClInclude Include="src\rendering\data_management\image_classes.h">
      <Filter>Header Files</Filter>
    </ClInclude>
    <ClInclude Include="src\world_state\world_state.h">
      <Filter>Header Files</Filter>
    </ClInclude>
    <ClInclude Include="src\window\window.h">
      <Filter>Header Files</Filter>
    </ClInclude>
    <ClInclude Include="src\rendering\vulkan_object_handling\vulkan_object_handler.h">
      <Filter>Header Files</Filter>
    </ClInclude>
    <ClInclude Include="src\rendering\data_abstraction\runit.h">
      <Filter>Header Files</Filter>
    </ClInclude>
    <ClInclude Include="src\rendering\data_abstraction\mesh.h">
      <Filter>Header Files</Filter>
    </ClInclude>
    <ClInclude Include="resource.h">
      <Filter>External files</Filter>
    </ClInclude>
    <ClInclude Include="src\rendering\data_management\memory_manager.h">
      <Filter>Header Files</Filter>
    </ClInclude>
    <ClInclude Include="src\rendering\data_management\buffer_class.h">
      <Filter>Header Files</Filter>
    </ClInclude>
    <ClInclude Include="src\tools\asserter.h">
      <Filter>Header Files</Filter>
    </ClInclude>
    <ClInclude Include="src\rendering\renderer\command_management.h">
      <Filter>Header Files</Filter>
    </ClInclude>
    <ClInclude Include="src\rendering\data_abstraction\vertex_layouts.h">
      <Filter>Header Files</Filter>
    </ClInclude>
    <ClInclude Include="src\rendering\renderer\descriptor_management.h">
      <Filter>Header Files</Filter>
    </ClInclude>
    <ClInclude Include="src\tools\logging.h">
      <Filter>Header Files</Filter>
    </ClInclude>
    <ClInclude Include="obj loader\obj_loader.h">
      <Filter>Header Files</Filter>
    </ClInclude>
    <ClInclude Include="src\rendering\renderer\pipeline_management.h">
      <Filter>Header Files</Filter>
    </ClInclude>
    <ClInclude Include="src\tools\alignment.h">
      <Filter>Header Files</Filter>
    </ClInclude>
    <ClInclude Include="src\rendering\renderer\sync_operations.h">
      <Filter>Header Files</Filter>
    </ClInclude>
    <ClInclude Include="src\rendering\shader_management\shader_operations.h">
      <Filter>Header Files</Filter>
    </ClInclude>
    <ClInclude Include="src\tools\texture_loader.h">
      <Filter>Header Files</Filter>
    </ClInclude>
    <ClInclude Include="src\rendering\lighting\light_types.h">
      <Filter>Header Files</Filter>
    </ClInclude>
    <ClInclude Include="src\tools\obj_loader.h">
      <Filter>Header Files</Filter>
    </ClInclude>
    <ClInclude Include="src\tools\gltf_loader.h">
      <Filter>Header Files</Filter>
    </ClInclude>
    <ClInclude Include="src\rendering\renderer\clusterer.h">
      <Filter>Header Files</Filter>
    </ClInclude>
    <ClInclude Include="src\rendering\renderer\HBAO.h">
      <Filter>Header Files</Filter>
    </ClInclude>
    <ClInclude Include="src\rendering\scene\parse_scene.h">
      <Filter>Header Files</Filter>
    </ClInclude>
    <ClInclude Include="src\tools\time_measurement.h">
      <Filter>Header Files</Filter>
    </ClInclude>
    <ClInclude Include="src\rendering\data_abstraction\BB.h">
      <Filter>Header Files</Filter>
    </ClInclude>
    <ClInclude Include="src\rendering\renderer\FXAA.h">
      <Filter>Header Files</Filter>
    </ClInclude>
    <ClInclude Include="src\rendering\UI\UI.h">
      <Filter>Header Files</Filter>
    </ClInclude>
    <ClInclude Include="src\rendering\renderer\culling.h">
      <Filter>Header Files</Filter>
    </ClInclude>
    <ClInclude Include="src\tools\comp_s.h">
      <Filter>Header Files</Filter>
    </ClInclude>
    <ClInclude Include="src\rendering\renderer\timeline_semaphore.h">
      <Filter>Header Files</Filter>
    </ClInclude>
    <ClInclude Include="src\tools\tools.h">
      <Filter>Header Files</Filter>
    </ClInclude>
    <ClInclude Include="src\tools\arraysize.h">
      <Filter>Header Files</Filter>
    </ClInclude>
    <ClInclude Include="src\rendering\lighting\shadows.h">
      <Filter>Header Files</Filter>
    </ClInclude>
    <ClInclude Include="src\tools\projection.h">
      <Filter>Header Files</Filter>
    </ClInclude>
    <ClInclude Include="src\rendering\renderer\world_transform.h">
      <Filter>Header Files</Filter>
    </ClInclude>
  </ItemGroup>
  <ItemGroup>
    <None Include="shaders\frag_shader.fs">
      <Filter>Resource Files</Filter>
    </None>
    <None Include="shaders\vert_shader.vs">
      <Filter>Resource Files</Filter>
    </None>
  </ItemGroup>
  <ItemGroup>
    <CustomBuild Include="shaders\shader_vert.vert" />
    <CustomBuild Include="shaders\shader_frag.frag" />
    <CustomBuild Include="shaders\not cmpld\shader_space_lines_vert.vert" />
    <CustomBuild Include="shaders\not cmpld\shader_frag.frag" />
    <CustomBuild Include="shaders\not cmpld\shader_skybox_frag.frag" />
    <CustomBuild Include="shaders\not cmpld\shader_skybox_vert.vert" />
    <CustomBuild Include="shaders\not cmpld\shader_space_lines_frag.frag" />
    <CustomBuild Include="shaders\not cmpld\shader_vert.vert" />
    <CustomBuild Include="shaders\not cmpld\pbr_spheres_test_frag.frag" />
    <CustomBuild Include="shaders\not cmpld\pbr_spheres_test_vert.vert" />
    <CustomBuild Include="shaders\not cmpld\cone_light_mesh_vert.vert" />
    <CustomBuild Include="shaders\not cmpld\color_frag.frag" />
    <CustomBuild Include="shaders\not cmpld\raster_tile_frag.frag" />
    <CustomBuild Include="shaders\not cmpld\raster_tile_point_light_vert.vert" />
    <CustomBuild Include="shaders\not cmpld\raster_tile_spot_light_vert.vert" />
    <CustomBuild Include="shaders\not cmpld\point_light_mesh_vert.vert" />
    <CustomBuild Include="shaders\not cmpld\fullscreen_vert.vert" />
    <CustomBuild Include="shaders\not cmpld\hbao_frag.frag" />
    <CustomBuild Include="shaders\not cmpld\lin_depth_frag.frag" />
    <CustomBuild Include="shaders\not cmpld\lin_depth_vert.vert" />
    <CustomBuild Include="shaders\not cmpld\hbao_blur_frag.frag" />
    <CustomBuild Include="shaders\not cmpld\fxaa_frag.frag" />
    <CustomBuild Include="shaders\not cmpld\calc_hi_z_comp.comp" />
    <CustomBuild Include="shaders\not cmpld\occlusion_culling_comp.comp" />
    <CustomBuild Include="shaders\not cmpld\shadow_pass_vert.vert" />
    <CustomBuild Include="shaders\not cmpld\shadow_pass_frag.frag" />
    <CustomBuild Include="shaders\not cmpld\simple_proj_vert.vert" />
  </ItemGroup>
  <ItemGroup>
    <Text Include="shaders\not cmpld\include\pbr.h">
      <Filter>Header Files</Filter>
    </Text>
    <Text Include="shaders\not cmpld\include\lighting.h">
      <Filter>Header Files</Filter>
    </Text>
    <Text Include="shaders\not cmpld\include\misc.h">
      <Filter>Header Files</Filter>
    </Text>
    <Text Include="shaders\not cmpld\include\rand.h">
      <Filter>Header Files</Filter>
    </Text>
    <Text Include="shaders\not cmpld\include\coordinate_transformation_set.h">
      <Filter>Header Files</Filter>
    </Text>
  </ItemGroup>
</Project>